
Microsoft Visual Studio Solution File, Format Version 12.00
# Visual Studio Version 17
VisualStudioVersion = 17.0.32112.339
MinimumVisualStudioVersion = 10.0.40219.1
Project("{9A19103F-16F7-4668-BE54-9A1E7A4F7556}") = "01. Count Same Values in Array", "Sets and Dictionaries Advanced\01. Count Same Values in Array.csproj", "{2CA96814-9264-4552-ABF5-BB9B122961D7}"
EndProject
Project("{9A19103F-16F7-4668-BE54-9A1E7A4F7556}") = "02. Average Student Grades", "02. Average Student Grades\02. Average Student Grades.csproj", "{527B8694-F8FD-4F05-BC45-68610730E2F3}"
EndProject
Project("{FAE04EC0-301F-11D3-BF4B-00C04F79EFBC}") = "03. Largest 3 Numbers", "03. Largest 3 Numbers\03. Largest 3 Numbers.csproj", "{73C30CD3-EAB8-4A80-B597-628715785D66}"
EndProject
Global
	GlobalSection(SolutionConfigurationPlatforms) = preSolution
		Debug|Any CPU = Debug|Any CPU
		Release|Any CPU = Release|Any CPU
	EndGlobalSection
	GlobalSection(ProjectConfigurationPlatforms) = postSolution
		{2CA96814-9264-4552-ABF5-BB9B122961D7}.Debug|Any CPU.ActiveCfg = Debug|Any CPU
		{2CA96814-9264-4552-ABF5-BB9B122961D7}.Debug|Any CPU.Build.0 = Debug|Any CPU
		{2CA96814-9264-4552-ABF5-BB9B122961D7}.Release|Any CPU.ActiveCfg = Release|Any CPU
		{2CA96814-9264-4552-ABF5-BB9B122961D7}.Release|Any CPU.Build.0 = Release|Any CPU
		{527B8694-F8FD-4F05-BC45-68610730E2F3}.Debug|Any CPU.ActiveCfg = Debug|Any CPU
		{527B8694-F8FD-4F05-BC45-68610730E2F3}.Debug|Any CPU.Build.0 = Debug|Any CPU
		{527B8694-F8FD-4F05-BC45-68610730E2F3}.Release|Any CPU.ActiveCfg = Release|Any CPU
		{527B8694-F8FD-4F05-BC45-68610730E2F3}.Release|Any CPU.Build.0 = Release|Any CPU
		{73C30CD3-EAB8-4A80-B597-628715785D66}.Debug|Any CPU.ActiveCfg = Debug|Any CPU
		{73C30CD3-EAB8-4A80-B597-628715785D66}.Debug|Any CPU.Build.0 = Debug|Any CPU
		{73C30CD3-EAB8-4A80-B597-628715785D66}.Release|Any CPU.ActiveCfg = Release|Any CPU
		{73C30CD3-EAB8-4A80-B597-628715785D66}.Release|Any CPU.Build.0 = Release|Any CPU
	EndGlobalSection
	GlobalSection(SolutionProperties) = preSolution
		HideSolutionNode = FALSE
	EndGlobalSection
	GlobalSection(ExtensibilityGlobals) = postSolution
		SolutionGuid = {2DA6AF0A-E4BE-4671-8F77-AAB276D93B5D}
	EndGlobalSection
EndGlobal
