
Microsoft Visual Studio Solution File, Format Version 12.00
# Visual Studio Version 16
VisualStudioVersion = 16.0.31313.79
MinimumVisualStudioVersion = 10.0.40219.1
Project("{9A19103F-16F7-4668-BE54-9A1E7A4F7556}") = "Reverse String", "StacksAndQueries\Reverse String.csproj", "{4CC699D5-7C36-422F-9676-CC4F33022ACC}"
EndProject
Project("{9A19103F-16F7-4668-BE54-9A1E7A4F7556}") = "Stack Sum", "Stack Sum\Stack Sum.csproj", "{FC852F07-2E19-47E4-BCF5-3C314A9183E4}"
EndProject
Project("{FAE04EC0-301F-11D3-BF4B-00C04F79EFBC}") = "Simple Calculator", "Simple Calculator\Simple Calculator.csproj", "{0FE551F7-567B-4CF2-9355-EB9EB444CBCE}"
EndProject
Project("{FAE04EC0-301F-11D3-BF4B-00C04F79EFBC}") = "Matching Brackets", "Matching Brackets\Matching Brackets.csproj", "{6055CBFB-DB85-4D2D-8AF8-7BAD64E084F5}"
EndProject
Project("{FAE04EC0-301F-11D3-BF4B-00C04F79EFBC}") = "Print Even Numbers", "Print Even Numbers\Print Even Numbers.csproj", "{8F742774-C1AC-4C87-8E23-4C0257781829}"
EndProject
Project("{FAE04EC0-301F-11D3-BF4B-00C04F79EFBC}") = "Supermarket", "Supermarket\Supermarket.csproj", "{2DF02B19-60CB-4872-A918-23355ABFD50E}"
EndProject
Global
	GlobalSection(SolutionConfigurationPlatforms) = preSolution
		Debug|Any CPU = Debug|Any CPU
		Release|Any CPU = Release|Any CPU
	EndGlobalSection
	GlobalSection(ProjectConfigurationPlatforms) = postSolution
		{4CC699D5-7C36-422F-9676-CC4F33022ACC}.Debug|Any CPU.ActiveCfg = Debug|Any CPU
		{4CC699D5-7C36-422F-9676-CC4F33022ACC}.Debug|Any CPU.Build.0 = Debug|Any CPU
		{4CC699D5-7C36-422F-9676-CC4F33022ACC}.Release|Any CPU.ActiveCfg = Release|Any CPU
		{4CC699D5-7C36-422F-9676-CC4F33022ACC}.Release|Any CPU.Build.0 = Release|Any CPU
		{FC852F07-2E19-47E4-BCF5-3C314A9183E4}.Debug|Any CPU.ActiveCfg = Debug|Any CPU
		{FC852F07-2E19-47E4-BCF5-3C314A9183E4}.Debug|Any CPU.Build.0 = Debug|Any CPU
		{FC852F07-2E19-47E4-BCF5-3C314A9183E4}.Release|Any CPU.ActiveCfg = Release|Any CPU
		{FC852F07-2E19-47E4-BCF5-3C314A9183E4}.Release|Any CPU.Build.0 = Release|Any CPU
		{0FE551F7-567B-4CF2-9355-EB9EB444CBCE}.Debug|Any CPU.ActiveCfg = Debug|Any CPU
		{0FE551F7-567B-4CF2-9355-EB9EB444CBCE}.Debug|Any CPU.Build.0 = Debug|Any CPU
		{0FE551F7-567B-4CF2-9355-EB9EB444CBCE}.Release|Any CPU.ActiveCfg = Release|Any CPU
		{0FE551F7-567B-4CF2-9355-EB9EB444CBCE}.Release|Any CPU.Build.0 = Release|Any CPU
		{6055CBFB-DB85-4D2D-8AF8-7BAD64E084F5}.Debug|Any CPU.ActiveCfg = Debug|Any CPU
		{6055CBFB-DB85-4D2D-8AF8-7BAD64E084F5}.Debug|Any CPU.Build.0 = Debug|Any CPU
		{6055CBFB-DB85-4D2D-8AF8-7BAD64E084F5}.Release|Any CPU.ActiveCfg = Release|Any CPU
		{6055CBFB-DB85-4D2D-8AF8-7BAD64E084F5}.Release|Any CPU.Build.0 = Release|Any CPU
		{8F742774-C1AC-4C87-8E23-4C0257781829}.Debug|Any CPU.ActiveCfg = Debug|Any CPU
		{8F742774-C1AC-4C87-8E23-4C0257781829}.Debug|Any CPU.Build.0 = Debug|Any CPU
		{8F742774-C1AC-4C87-8E23-4C0257781829}.Release|Any CPU.ActiveCfg = Release|Any CPU
		{8F742774-C1AC-4C87-8E23-4C0257781829}.Release|Any CPU.Build.0 = Release|Any CPU
		{2DF02B19-60CB-4872-A918-23355ABFD50E}.Debug|Any CPU.ActiveCfg = Debug|Any CPU
		{2DF02B19-60CB-4872-A918-23355ABFD50E}.Debug|Any CPU.Build.0 = Debug|Any CPU
		{2DF02B19-60CB-4872-A918-23355ABFD50E}.Release|Any CPU.ActiveCfg = Release|Any CPU
		{2DF02B19-60CB-4872-A918-23355ABFD50E}.Release|Any CPU.Build.0 = Release|Any CPU
	EndGlobalSection
	GlobalSection(SolutionProperties) = preSolution
		HideSolutionNode = FALSE
	EndGlobalSection
	GlobalSection(ExtensibilityGlobals) = postSolution
		SolutionGuid = {D8ECEC85-13DA-4802-B410-D2C4876E865D}
	EndGlobalSection
EndGlobal
