
Microsoft Visual Studio Solution File, Format Version 12.00
# Visual Studio Version 17
VisualStudioVersion = 17.0.32112.339
MinimumVisualStudioVersion = 10.0.40219.1
Project("{FAE04EC0-301F-11D3-BF4B-00C04F79EFBC}") = "Generics Exercise", "Generics Exercise\Generics Exercise.csproj", "{08B51DED-99B6-4EE6-929F-870A9456BD07}"
EndProject
Global
	GlobalSection(SolutionConfigurationPlatforms) = preSolution
		Debug|Any CPU = Debug|Any CPU
		Release|Any CPU = Release|Any CPU
	EndGlobalSection
	GlobalSection(ProjectConfigurationPlatforms) = postSolution
		{08B51DED-99B6-4EE6-929F-870A9456BD07}.Debug|Any CPU.ActiveCfg = Debug|Any CPU
		{08B51DED-99B6-4EE6-929F-870A9456BD07}.Debug|Any CPU.Build.0 = Debug|Any CPU
		{08B51DED-99B6-4EE6-929F-870A9456BD07}.Release|Any CPU.ActiveCfg = Release|Any CPU
		{08B51DED-99B6-4EE6-929F-870A9456BD07}.Release|Any CPU.Build.0 = Release|Any CPU
	EndGlobalSection
	GlobalSection(SolutionProperties) = preSolution
		HideSolutionNode = FALSE
	EndGlobalSection
	GlobalSection(ExtensibilityGlobals) = postSolution
		SolutionGuid = {6D0E1B59-250E-4414-B7F3-F958D50ECDAC}
	EndGlobalSection
EndGlobal
