
Microsoft Visual Studio Solution File, Format Version 12.00
# Visual Studio Version 17
VisualStudioVersion = 17.0.32112.339
MinimumVisualStudioVersion = 10.0.40219.1
Project("{FAE04EC0-301F-11D3-BF4B-00C04F79EFBC}") = "Print Even Numbers", "Functional Programming\Print Even Numbers.csproj", "{96E798C4-5D4F-4B60-A474-12727EA15148}"
EndProject
Project("{FAE04EC0-301F-11D3-BF4B-00C04F79EFBC}") = "Sum Numbers", "Sum Numbers\Sum Numbers.csproj", "{F2A7CAFE-0848-4910-8FD5-50498834CE2B}"
EndProject
Project("{FAE04EC0-301F-11D3-BF4B-00C04F79EFBC}") = "Count Uppercase Words", "Count Uppercase Words\Count Uppercase Words.csproj", "{558328CE-AB2D-4CB9-97F4-C2898D939CE5}"
EndProject
Project("{FAE04EC0-301F-11D3-BF4B-00C04F79EFBC}") = "Add VAT", "Add VAT\Add VAT.csproj", "{E0E37B76-31D2-435E-9ECC-5C55FCBD8310}"
EndProject
Project("{FAE04EC0-301F-11D3-BF4B-00C04F79EFBC}") = "Filter By Age", "Filter By Age\Filter By Age.csproj", "{554CA35B-F903-417F-88AF-7D2DE067446E}"
EndProject
Global
	GlobalSection(SolutionConfigurationPlatforms) = preSolution
		Debug|Any CPU = Debug|Any CPU
		Release|Any CPU = Release|Any CPU
	EndGlobalSection
	GlobalSection(ProjectConfigurationPlatforms) = postSolution
		{96E798C4-5D4F-4B60-A474-12727EA15148}.Debug|Any CPU.ActiveCfg = Debug|Any CPU
		{96E798C4-5D4F-4B60-A474-12727EA15148}.Debug|Any CPU.Build.0 = Debug|Any CPU
		{96E798C4-5D4F-4B60-A474-12727EA15148}.Release|Any CPU.ActiveCfg = Release|Any CPU
		{96E798C4-5D4F-4B60-A474-12727EA15148}.Release|Any CPU.Build.0 = Release|Any CPU
		{F2A7CAFE-0848-4910-8FD5-50498834CE2B}.Debug|Any CPU.ActiveCfg = Debug|Any CPU
		{F2A7CAFE-0848-4910-8FD5-50498834CE2B}.Debug|Any CPU.Build.0 = Debug|Any CPU
		{F2A7CAFE-0848-4910-8FD5-50498834CE2B}.Release|Any CPU.ActiveCfg = Release|Any CPU
		{F2A7CAFE-0848-4910-8FD5-50498834CE2B}.Release|Any CPU.Build.0 = Release|Any CPU
		{558328CE-AB2D-4CB9-97F4-C2898D939CE5}.Debug|Any CPU.ActiveCfg = Debug|Any CPU
		{558328CE-AB2D-4CB9-97F4-C2898D939CE5}.Debug|Any CPU.Build.0 = Debug|Any CPU
		{558328CE-AB2D-4CB9-97F4-C2898D939CE5}.Release|Any CPU.ActiveCfg = Release|Any CPU
		{558328CE-AB2D-4CB9-97F4-C2898D939CE5}.Release|Any CPU.Build.0 = Release|Any CPU
		{E0E37B76-31D2-435E-9ECC-5C55FCBD8310}.Debug|Any CPU.ActiveCfg = Debug|Any CPU
		{E0E37B76-31D2-435E-9ECC-5C55FCBD8310}.Debug|Any CPU.Build.0 = Debug|Any CPU
		{E0E37B76-31D2-435E-9ECC-5C55FCBD8310}.Release|Any CPU.ActiveCfg = Release|Any CPU
		{E0E37B76-31D2-435E-9ECC-5C55FCBD8310}.Release|Any CPU.Build.0 = Release|Any CPU
		{554CA35B-F903-417F-88AF-7D2DE067446E}.Debug|Any CPU.ActiveCfg = Debug|Any CPU
		{554CA35B-F903-417F-88AF-7D2DE067446E}.Debug|Any CPU.Build.0 = Debug|Any CPU
		{554CA35B-F903-417F-88AF-7D2DE067446E}.Release|Any CPU.ActiveCfg = Release|Any CPU
		{554CA35B-F903-417F-88AF-7D2DE067446E}.Release|Any CPU.Build.0 = Release|Any CPU
	EndGlobalSection
	GlobalSection(SolutionProperties) = preSolution
		HideSolutionNode = FALSE
	EndGlobalSection
	GlobalSection(ExtensibilityGlobals) = postSolution
		SolutionGuid = {55E6CA29-03BF-40E3-8A66-BBC105E08145}
	EndGlobalSection
EndGlobal
