
Microsoft Visual Studio Solution File, Format Version 12.00
# Visual Studio Version 17
VisualStudioVersion = 17.0.32112.339
MinimumVisualStudioVersion = 10.0.40219.1
Project("{FAE04EC0-301F-11D3-BF4B-00C04F79EFBC}") = "Even Lines", "Even Lines\Even Lines.csproj", "{F3151D39-11AA-45F8-8056-863F88DF46F1}"
EndProject
Global
	GlobalSection(SolutionConfigurationPlatforms) = preSolution
		Debug|Any CPU = Debug|Any CPU
		Release|Any CPU = Release|Any CPU
	EndGlobalSection
	GlobalSection(ProjectConfigurationPlatforms) = postSolution
		{F3151D39-11AA-45F8-8056-863F88DF46F1}.Debug|Any CPU.ActiveCfg = Debug|Any CPU
		{F3151D39-11AA-45F8-8056-863F88DF46F1}.Debug|Any CPU.Build.0 = Debug|Any CPU
		{F3151D39-11AA-45F8-8056-863F88DF46F1}.Release|Any CPU.ActiveCfg = Release|Any CPU
		{F3151D39-11AA-45F8-8056-863F88DF46F1}.Release|Any CPU.Build.0 = Release|Any CPU
	EndGlobalSection
	GlobalSection(SolutionProperties) = preSolution
		HideSolutionNode = FALSE
	EndGlobalSection
	GlobalSection(ExtensibilityGlobals) = postSolution
		SolutionGuid = {FB2F33D6-9D58-4BCA-995A-EA33B81A8452}
	EndGlobalSection
EndGlobal
